
Microsoft Visual Studio Solution File, Format Version 12.00
# Visual Studio Version 17
VisualStudioVersion = 17.5.002.0
MinimumVisualStudioVersion = 10.0.40219.1
Project("{9A19103F-16F7-4668-BE54-9A1E7A4F7556}") = "Exercicio06", "Exercicio06.csproj", "{8185E4D0-2452-4217-AEB6-FC13765B58E7}"
EndProject
Global
	GlobalSection(SolutionConfigurationPlatforms) = preSolution
		Debug|Any CPU = Debug|Any CPU
		Release|Any CPU = Release|Any CPU
	EndGlobalSection
	GlobalSection(ProjectConfigurationPlatforms) = postSolution
		{8185E4D0-2452-4217-AEB6-FC13765B58E7}.Debug|Any CPU.ActiveCfg = Debug|Any CPU
		{8185E4D0-2452-4217-AEB6-FC13765B58E7}.Debug|Any CPU.Build.0 = Debug|Any CPU
		{8185E4D0-2452-4217-AEB6-FC13765B58E7}.Release|Any CPU.ActiveCfg = Release|Any CPU
		{8185E4D0-2452-4217-AEB6-FC13765B58E7}.Release|Any CPU.Build.0 = Release|Any CPU
	EndGlobalSection
	GlobalSection(SolutionProperties) = preSolution
		HideSolutionNode = FALSE
	EndGlobalSection
	GlobalSection(ExtensibilityGlobals) = postSolution
		SolutionGuid = {1EE0E8CA-6286-4236-A407-7C992359FD1E}
	EndGlobalSection
EndGlobal
